
Microsoft Visual Studio Solution File, Format Version 12.00
# Visual Studio Version 17
VisualStudioVersion = 17.7.34031.279
MinimumVisualStudioVersion = 10.0.40219.1
Project("{FAE04EC0-301F-11D3-BF4B-00C04F79EFBC}") = "veeb2", "veeb2.csproj", "{1AF25C2A-D134-4354-87D4-3DE0C48251FC}"
EndProject
Global
	GlobalSection(SolutionConfigurationPlatforms) = preSolution
		Debug|Any CPU = Debug|Any CPU
		Release|Any CPU = Release|Any CPU
	EndGlobalSection
	GlobalSection(ProjectConfigurationPlatforms) = postSolution
		{1AF25C2A-D134-4354-87D4-3DE0C48251FC}.Debug|Any CPU.ActiveCfg = Debug|Any CPU
		{1AF25C2A-D134-4354-87D4-3DE0C48251FC}.Debug|Any CPU.Build.0 = Debug|Any CPU
		{1AF25C2A-D134-4354-87D4-3DE0C48251FC}.Release|Any CPU.ActiveCfg = Release|Any CPU
		{1AF25C2A-D134-4354-87D4-3DE0C48251FC}.Release|Any CPU.Build.0 = Release|Any CPU
	EndGlobalSection
	GlobalSection(SolutionProperties) = preSolution
		HideSolutionNode = FALSE
	EndGlobalSection
	GlobalSection(ExtensibilityGlobals) = postSolution
		SolutionGuid = {838837DD-91F2-4507-8D98-C5C261C63CBE}
	EndGlobalSection
EndGlobal
